// !$*UTF8*$!
{
	archiveVersion = 1;
	classes = {
	};
	objectVersion = 56;
	objects = {

/* Begin PBXBuildFile section */
		988CED602A00B075007CB9E8 /* AppDelegate.swift in Sources */ = {isa = PBXBuildFile; fileRef = 988CED5F2A00B075007CB9E8 /* AppDelegate.swift */; };
		988CED622A00B075007CB9E8 /* SceneDelegate.swift in Sources */ = {isa = PBXBuildFile; fileRef = 988CED612A00B075007CB9E8 /* SceneDelegate.swift */; };
		988CED642A00B075007CB9E8 /* LoginViewController.swift in Sources */ = {isa = PBXBuildFile; fileRef = 988CED632A00B075007CB9E8 /* LoginViewController.swift */; };
		988CED672A00B075007CB9E8 /* Main.storyboard in Resources */ = {isa = PBXBuildFile; fileRef = 988CED652A00B075007CB9E8 /* Main.storyboard */; };
		988CED692A00B076007CB9E8 /* Assets.xcassets in Resources */ = {isa = PBXBuildFile; fileRef = 988CED682A00B076007CB9E8 /* Assets.xcassets */; };
		988CED6C2A00B076007CB9E8 /* LaunchScreen.storyboard in Resources */ = {isa = PBXBuildFile; fileRef = 988CED6A2A00B076007CB9E8 /* LaunchScreen.storyboard */; };
		988CED742A00B4F4007CB9E8 /* RestaurantViewController.swift in Sources */ = {isa = PBXBuildFile; fileRef = 988CED732A00B4F4007CB9E8 /* RestaurantViewController.swift */; };
		988CED762A00B604007CB9E8 /* RegisterViewController.swift in Sources */ = {isa = PBXBuildFile; fileRef = 988CED752A00B604007CB9E8 /* RegisterViewController.swift */; };
		988CED782A00B687007CB9E8 /* ReservationViewController.swift in Sources */ = {isa = PBXBuildFile; fileRef = 988CED772A00B687007CB9E8 /* ReservationViewController.swift */; };
		988CED7A2A00B6EB007CB9E8 /* ConfirmationViewController.swift in Sources */ = {isa = PBXBuildFile; fileRef = 988CED792A00B6EB007CB9E8 /* ConfirmationViewController.swift */; };
/* End PBXBuildFile section */

/* Begin PBXFileReference section */
		988CED5C2A00B075007CB9E8 /* RestaurantReservation.app */ = {isa = PBXFileReference; explicitFileType = wrapper.application; includeInIndex = 0; path = RestaurantReservation.app; sourceTree = BUILT_PRODUCTS_DIR; };
		988CED5F2A00B075007CB9E8 /* AppDelegate.swift */ = {isa = PBXFileReference; lastKnownFileType = sourcecode.swift; path = AppDelegate.swift; sourceTree = "<group>"; };
		988CED612A00B075007CB9E8 /* SceneDelegate.swift */ = {isa = PBXFileReference; lastKnownFileType = sourcecode.swift; path = SceneDelegate.swift; sourceTree = "<group>"; };
		988CED632A00B075007CB9E8 /* LoginViewController.swift */ = {isa = PBXFileReference; lastKnownFileType = sourcecode.swift; path = LoginViewController.swift; sourceTree = "<group>"; };
		988CED662A00B075007CB9E8 /* Base */ = {isa = PBXFileReference; lastKnownFileType = file.storyboard; name = Base; path = Base.lproj/Main.storyboard; sourceTree = "<group>"; };
		988CED682A00B076007CB9E8 /* Assets.xcassets */ = {isa = PBXFileReference; lastKnownFileType = folder.assetcatalog; path = Assets.xcassets; sourceTree = "<group>"; };
		988CED6B2A00B076007CB9E8 /* Base */ = {isa = PBXFileReference; lastKnownFileType = file.storyboard; name = Base; path = Base.lproj/LaunchScreen.storyboard; sourceTree = "<group>"; };
		988CED6D2A00B076007CB9E8 /* Info.plist */ = {isa = PBXFileReference; lastKnownFileType = text.plist.xml; path = Info.plist; sourceTree = "<group>"; };
		988CED732A00B4F4007CB9E8 /* RestaurantViewController.swift */ = {isa = PBXFileReference; lastKnownFileType = sourcecode.swift; path = RestaurantViewController.swift; sourceTree = "<group>"; };
		988CED752A00B604007CB9E8 /* RegisterViewController.swift */ = {isa = PBXFileReference; lastKnownFileType = sourcecode.swift; path = RegisterViewController.swift; sourceTree = "<group>"; };
		988CED772A00B687007CB9E8 /* ReservationViewController.swift */ = {isa = PBXFileReference; lastKnownFileType = sourcecode.swift; path = ReservationViewController.swift; sourceTree = "<group>"; };
		988CED792A00B6EB007CB9E8 /* ConfirmationViewController.swift */ = {isa = PBXFileReference; lastKnownFileType = sourcecode.swift; path = ConfirmationViewController.swift; sourceTree = "<group>"; };
/* End PBXFileReference section */

/* Begin PBXFrameworksBuildPhase section */
		988CED592A00B075007CB9E8 /* Frameworks */ = {
			isa = PBXFrameworksBuildPhase;
			buildActionMask = 2147483647;
			files = (
			);
			runOnlyForDeploymentPostprocessing = 0;
		};
/* End PBXFrameworksBuildPhase section */

/* Begin PBXGroup section */
		988CED532A00B075007CB9E8 = {
			isa = PBXGroup;
			children = (
				988CED5E2A00B075007CB9E8 /* RestaurantReservation */,
				988CED5D2A00B075007CB9E8 /* Products */,
			);
			sourceTree = "<group>";
		};
		988CED5D2A00B075007CB9E8 /* Products */ = {
			isa = PBXGroup;
			children = (
				988CED5C2A00B075007CB9E8 /* RestaurantReservation.app */,
			);
			name = Products;
			sourceTree = "<group>";
		};
		988CED5E2A00B075007CB9E8 /* RestaurantReservation */ = {
			isa = PBXGroup;
			children = (
				988CED732A00B4F4007CB9E8 /* RestaurantViewController.swift */,
				988CED5F2A00B075007CB9E8 /* AppDelegate.swift */,
				988CED612A00B075007CB9E8 /* SceneDelegate.swift */,
				988CED632A00B075007CB9E8 /* LoginViewController.swift */,
				988CED652A00B075007CB9E8 /* Main.storyboard */,
				988CED682A00B076007CB9E8 /* Assets.xcassets */,
				988CED6A2A00B076007CB9E8 /* LaunchScreen.storyboard */,
				988CED6D2A00B076007CB9E8 /* Info.plist */,
				988CED752A00B604007CB9E8 /* RegisterViewController.swift */,
				988CED772A00B687007CB9E8 /* ReservationViewController.swift */,
				988CED792A00B6EB007CB9E8 /* ConfirmationViewController.swift */,
			);
			path = RestaurantReservation;
			sourceTree = "<group>";
		};
/* End PBXGroup section */

/* Begin PBXNativeTarget section */
		988CED5B2A00B075007CB9E8 /* RestaurantReservation */ = {
			isa = PBXNativeTarget;
			buildConfigurationList = 988CED702A00B076007CB9E8 /* Build configuration list for PBXNativeTarget "RestaurantReservation" */;
			buildPhases = (
				988CED582A00B075007CB9E8 /* Sources */,
				988CED592A00B075007CB9E8 /* Frameworks */,
				988CED5A2A00B075007CB9E8 /* Resources */,
			);
			buildRules = (
			);
			dependencies = (
			);
			name = RestaurantReservation;
			productName = RestaurantReservation;
			productReference = 988CED5C2A00B075007CB9E8 /* RestaurantReservation.app */;
			productType = "com.apple.product-type.application";
		};
/* End PBXNativeTarget section */

/* Begin PBXProject section */
		988CED542A00B075007CB9E8 /* Project object */ = {
			isa = PBXProject;
			attributes = {
				BuildIndependentTargetsInParallel = 1;
				LastSwiftUpdateCheck = 1420;
				LastUpgradeCheck = 1420;
				TargetAttributes = {
					988CED5B2A00B075007CB9E8 = {
						CreatedOnToolsVersion = 14.2;
					};
				};
			};
			buildConfigurationList = 988CED572A00B075007CB9E8 /* Build configuration list for PBXProject "RestaurantReservation" */;
			compatibilityVersion = "Xcode 14.0";
			developmentRegion = en;
			hasScannedForEncodings = 0;
			knownRegions = (
				en,
				Base,
			);
			mainGroup = 988CED532A00B075007CB9E8;
			productRefGroup = 988CED5D2A00B075007CB9E8 /* Products */;
			projectDirPath = "";
			projectRoot = "";
			targets = (
				988CED5B2A00B075007CB9E8 /* RestaurantReservation */,
			);
		};
/* End PBXProject section */

/* Begin PBXResourcesBuildPhase section */
		988CED5A2A00B075007CB9E8 /* Resources */ = {
			isa = PBXResourcesBuildPhase;
			buildActionMask = 2147483647;
			files = (
				988CED6C2A00B076007CB9E8 /* LaunchScreen.storyboard in Resources */,
				988CED692A00B076007CB9E8 /* Assets.xcassets in Resources */,
				988CED672A00B075007CB9E8 /* Main.storyboard in Resources */,
			);
			runOnlyForDeploymentPostprocessing = 0;
		};
/* End PBXResourcesBuildPhase section */

/* Begin PBXSourcesBuildPhase section */
		988CED582A00B075007CB9E8 /* Sources */ = {
			isa = PBXSourcesBuildPhase;
			buildActionMask = 2147483647;
			files = (
				988CED7A2A00B6EB007CB9E8 /* ConfirmationViewController.swift in Sources */,
				988CED642A00B075007CB9E8 /* LoginViewController.swift in Sources */,
				988CED762A00B604007CB9E8 /* RegisterViewController.swift in Sources */,
				988CED742A00B4F4007CB9E8 /* RestaurantViewController.swift in Sources */,
				988CED602A00B075007CB9E8 /* AppDelegate.swift in Sources */,
				988CED622A00B075007CB9E8 /* SceneDelegate.swift in Sources */,
				988CED782A00B687007CB9E8 /* ReservationViewController.swift in Sources */,
			);
			runOnlyForDeploymentPostprocessing = 0;
		};
/* End PBXSourcesBuildPhase section */

/* Begin PBXVariantGroup section */
		988CED652A00B075007CB9E8 /* Main.storyboard */ = {
			isa = PBXVariantGroup;
			children = (
				988CED662A00B075007CB9E8 /* Base */,
			);
			name = Main.storyboard;
			sourceTree = "<group>";
		};
		988CED6A2A00B076007CB9E8 /* LaunchScreen.storyboard */ = {
			isa = PBXVariantGroup;
			children = (
				988CED6B2A00B076007CB9E8 /* Base */,
			);
			name = LaunchScreen.storyboard;
			sourceTree = "<group>";
		};
/* End PBXVariantGroup section */

/* Begin XCBuildConfiguration section */
		988CED6E2A00B076007CB9E8 /* Debug */ = {
			isa = XCBuildConfiguration;
			buildSettings = {
				ALWAYS_SEARCH_USER_PATHS = NO;
				CLANG_ANALYZER_NONNULL = YES;
				CLANG_ANALYZER_NUMBER_OBJECT_CONVERSION = YES_AGGRESSIVE;
				CLANG_CXX_LANGUAGE_STANDARD = "gnu++20";
				CLANG_ENABLE_MODULES = YES;
				CLANG_ENABLE_OBJC_ARC = YES;
				CLANG_ENABLE_OBJC_WEAK = YES;
				CLANG_WARN_BLOCK_CAPTURE_AUTORELEASING = YES;
				CLANG_WARN_BOOL_CONVERSION = YES;
				CLANG_WARN_COMMA = YES;
				CLANG_WARN_CONSTANT_CONVERSION = YES;
				CLANG_WARN_DEPRECATED_OBJC_IMPLEMENTATIONS = YES;
				CLANG_WARN_DIRECT_OBJC_ISA_USAGE = YES_ERROR;
				CLANG_WARN_DOCUMENTATION_COMMENTS = YES;
				CLANG_WARN_EMPTY_BODY = YES;
				CLANG_WARN_ENUM_CONVERSION = YES;
				CLANG_WARN_INFINITE_RECURSION = YES;
				CLANG_WARN_INT_CONVERSION = YES;
				CLANG_WARN_NON_LITERAL_NULL_CONVERSION = YES;
				CLANG_WARN_OBJC_IMPLICIT_RETAIN_SELF = YES;
				CLANG_WARN_OBJC_LITERAL_CONVERSION = YES;
				CLANG_WARN_OBJC_ROOT_CLASS = YES_ERROR;
				CLANG_WARN_QUOTED_INCLUDE_IN_FRAMEWORK_HEADER = YES;
				CLANG_WARN_RANGE_LOOP_ANALYSIS = YES;
				CLANG_WARN_STRICT_PROTOTYPES = YES;
				CLANG_WARN_SUSPICIOUS_MOVE = YES;
				CLANG_WARN_UNGUARDED_AVAILABILITY = YES_AGGRESSIVE;
				CLANG_WARN_UNREACHABLE_CODE = YES;
				CLANG_WARN__DUPLICATE_METHOD_MATCH = YES;
				COPY_PHASE_STRIP = NO;
				DEBUG_INFORMATION_FORMAT = dwarf;
				ENABLE_STRICT_OBJC_MSGSEND = YES;
				ENABLE_TESTABILITY = YES;
				GCC_C_LANGUAGE_STANDARD = gnu11;
				GCC_DYNAMIC_NO_PIC = NO;
				GCC_NO_COMMON_BLOCKS = YES;
				GCC_OPTIMIZATION_LEVEL = 0;
				GCC_PREPROCESSOR_DEFINITIONS = (
					"DEBUG=1",
					"$(inherited)",
				);
				GCC_WARN_64_TO_32_BIT_CONVERSION = YES;
				GCC_WARN_ABOUT_RETURN_TYPE = YES_ERROR;
				GCC_WARN_UNDECLARED_SELECTOR = YES;
				GCC_WARN_UNINITIALIZED_AUTOS = YES_AGGRESSIVE;
				GCC_WARN_UNUSED_FUNCTION = YES;
				GCC_WARN_UNUSED_VARIABLE = YES;
				IPHONEOS_DEPLOYMENT_TARGET = 16.2;
				MTL_ENABLE_DEBUG_INFO = INCLUDE_SOURCE;
				MTL_FAST_MATH = YES;
				ONLY_ACTIVE_ARCH = YES;
				SDKROOT = iphoneos;
				SWIFT_ACTIVE_COMPILATION_CONDITIONS = DEBUG;
				SWIFT_OPTIMIZATION_LEVEL = "-Onone";
			};
			name = Debug;
		};
		988CED6F2A00B076007CB9E8 /* Release */ = {
			isa = XCBuildConfiguration;
			buildSettings = {
				ALWAYS_SEARCH_USER_PATHS = NO;
				CLANG_ANALYZER_NONNULL = YES;
				CLANG_ANALYZER_NUMBER_OBJECT_CONVERSION = YES_AGGRESSIVE;
				CLANG_CXX_LANGUAGE_STANDARD = "gnu++20";
				CLANG_ENABLE_MODULES = YES;
				CLANG_ENABLE_OBJC_ARC = YES;
				CLANG_ENABLE_OBJC_WEAK = YES;
				CLANG_WARN_BLOCK_CAPTURE_AUTORELEASING = YES;
				CLANG_WARN_BOOL_CONVERSION = YES;
				CLANG_WARN_COMMA = YES;
				CLANG_WARN_CONSTANT_CONVERSION = YES;
				CLANG_WARN_DEPRECATED_OBJC_IMPLEMENTATIONS = YES;
				CLANG_WARN_DIRECT_OBJC_ISA_USAGE = YES_ERROR;
				CLANG_WARN_DOCUMENTATION_COMMENTS = YES;
				CLANG_WARN_EMPTY_BODY = YES;
				CLANG_WARN_ENUM_CONVERSION = YES;
				CLANG_WARN_INFINITE_RECURSION = YES;
				CLANG_WARN_INT_CONVERSION = YES;
				CLANG_WARN_NON_LITERAL_NULL_CONVERSION = YES;
				CLANG_WARN_OBJC_IMPLICIT_RETAIN_SELF = YES;
				CLANG_WARN_OBJC_LITERAL_CONVERSION = YES;
				CLANG_WARN_OBJC_ROOT_CLASS = YES_ERROR;
				CLANG_WARN_QUOTED_INCLUDE_IN_FRAMEWORK_HEADER = YES;
				CLANG_WARN_RANGE_LOOP_ANALYSIS = YES;
				CLANG_WARN_STRICT_PROTOTYPES = YES;
				CLANG_WARN_SUSPICIOUS_MOVE = YES;
				CLANG_WARN_UNGUARDED_AVAILABILITY = YES_AGGRESSIVE;
				CLANG_WARN_UNREACHABLE_CODE = YES;
				CLANG_WARN__DUPLICATE_METHOD_MATCH = YES;
				COPY_PHASE_STRIP = NO;
				DEBUG_INFORMATION_FORMAT = "dwarf-with-dsym";
				ENABLE_NS_ASSERTIONS = NO;
				ENABLE_STRICT_OBJC_MSGSEND = YES;
				GCC_C_LANGUAGE_STANDARD = gnu11;
				GCC_NO_COMMON_BLOCKS = YES;
				GCC_WARN_64_TO_32_BIT_CONVERSION = YES;
				GCC_WARN_ABOUT_RETURN_TYPE = YES_ERROR;
				GCC_WARN_UNDECLARED_SELECTOR = YES;
				GCC_WARN_UNINITIALIZED_AUTOS = YES_AGGRESSIVE;
				GCC_WARN_UNUSED_FUNCTION = YES;
				GCC_WARN_UNUSED_VARIABLE = YES;
				IPHONEOS_DEPLOYMENT_TARGET = 16.2;
				MTL_ENABLE_DEBUG_INFO = NO;
				MTL_FAST_MATH = YES;
				SDKROOT = iphoneos;
				SWIFT_COMPILATION_MODE = wholemodule;
				SWIFT_OPTIMIZATION_LEVEL = "-O";
				VALIDATE_PRODUCT = YES;
			};
			name = Release;
		};
		988CED712A00B076007CB9E8 /* Debug */ = {
			isa = XCBuildConfiguration;
			buildSettings = {
				ASSETCATALOG_COMPILER_APPICON_NAME = AppIcon;
				ASSETCATALOG_COMPILER_GLOBAL_ACCENT_COLOR_NAME = AccentColor;
				CODE_SIGN_STYLE = Automatic;
				CURRENT_PROJECT_VERSION = 1;
				GENERATE_INFOPLIST_FILE = YES;
				INFOPLIST_FILE = RestaurantReservation/Info.plist;
				INFOPLIST_KEY_UIApplicationSupportsIndirectInputEvents = YES;
				INFOPLIST_KEY_UILaunchStoryboardName = LaunchScreen;
				INFOPLIST_KEY_UIMainStoryboardFile = Main;
				INFOPLIST_KEY_UISupportedInterfaceOrientations_iPad = "UIInterfaceOrientationPortrait UIInterfaceOrientationPortraitUpsideDown UIInterfaceOrientationLandscapeLeft UIInterfaceOrientationLandscapeRight";
				INFOPLIST_KEY_UISupportedInterfaceOrientations_iPhone = "UIInterfaceOrientationPortrait UIInterfaceOrientationLandscapeLeft UIInterfaceOrientationLandscapeRight";
				LD_RUNPATH_SEARCH_PATHS = (
					"$(inherited)",
					"@executable_path/Frameworks",
				);
				MARKETING_VERSION = 1.0;
				PRODUCT_BUNDLE_IDENTIFIER = au.edu.uts.RestaurantReservation;
				PRODUCT_NAME = "$(TARGET_NAME)";
				SWIFT_EMIT_LOC_STRINGS = YES;
				SWIFT_VERSION = 5.0;
				TARGETED_DEVICE_FAMILY = "1,2";
			};
			name = Debug;
		};
		988CED722A00B076007CB9E8 /* Release */ = {
			isa = XCBuildConfiguration;
			buildSettings = {
				ASSETCATALOG_COMPILER_APPICON_NAME = AppIcon;
				ASSETCATALOG_COMPILER_GLOBAL_ACCENT_COLOR_NAME = AccentColor;
				CODE_SIGN_STYLE = Automatic;
				CURRENT_PROJECT_VERSION = 1;
				GENERATE_INFOPLIST_FILE = YES;
				INFOPLIST_FILE = RestaurantReservation/Info.plist;
				INFOPLIST_KEY_UIApplicationSupportsIndirectInputEvents = YES;
				INFOPLIST_KEY_UILaunchStoryboardName = LaunchScreen;
				INFOPLIST_KEY_UIMainStoryboardFile = Main;
				INFOPLIST_KEY_UISupportedInterfaceOrientations_iPad = "UIInterfaceOrientationPortrait UIInterfaceOrientationPortraitUpsideDown UIInterfaceOrientationLandscapeLeft UIInterfaceOrientationLandscapeRight";
				INFOPLIST_KEY_UISupportedInterfaceOrientations_iPhone = "UIInterfaceOrientationPortrait UIInterfaceOrientationLandscapeLeft UIInterfaceOrientationLandscapeRight";
				LD_RUNPATH_SEARCH_PATHS = (
					"$(inherited)",
					"@executable_path/Frameworks",
				);
				MARKETING_VERSION = 1.0;
				PRODUCT_BUNDLE_IDENTIFIER = au.edu.uts.RestaurantReservation;
				PRODUCT_NAME = "$(TARGET_NAME)";
				SWIFT_EMIT_LOC_STRINGS = YES;
				SWIFT_VERSION = 5.0;
				TARGETED_DEVICE_FAMILY = "1,2";
			};
			name = Release;
		};
/* End XCBuildConfiguration section */

/* Begin XCConfigurationList section */
		988CED572A00B075007CB9E8 /* Build configuration list for PBXProject "RestaurantReservation" */ = {
			isa = XCConfigurationList;
			buildConfigurations = (
				988CED6E2A00B076007CB9E8 /* Debug */,
				988CED6F2A00B076007CB9E8 /* Release */,
			);
			defaultConfigurationIsVisible = 0;
			defaultConfigurationName = Release;
		};
		988CED702A00B076007CB9E8 /* Build configuration list for PBXNativeTarget "RestaurantReservation" */ = {
			isa = XCConfigurationList;
			buildConfigurations = (
				988CED712A00B076007CB9E8 /* Debug */,
				988CED722A00B076007CB9E8 /* Release */,
			);
			defaultConfigurationIsVisible = 0;
			defaultConfigurationName = Release;
		};
/* End XCConfigurationList section */
	};
	rootObject = 988CED542A00B075007CB9E8 /* Project object */;
}
